
Microsoft Visual Studio Solution File, Format Version 12.00
# Visual Studio 15
VisualStudioVersion = 15.0.26124.0
MinimumVisualStudioVersion = 15.0.26124.0
Project("{FAE04EC0-301F-11D3-BF4B-00C04F79EFBC}") = "SociallyDistant", "SociallyDistant\SociallyDistant.csproj", "{8B0DF650-AC55-4F25-9D12-18DD3C32591A}"
EndProject
Project("{2150E333-8FDC-42A3-9474-1A3956D46DE8}") = "Repo Root", "Repo Root", "{7FA3695F-989A-4FF1-BFAD-F333076936D0}"
	ProjectSection(SolutionItems) = preProject
		..\LICENSE = ..\LICENSE
		..\README.md = ..\README.md
		..\TODO.txt = ..\TODO.txt
	EndProjectSection
EndProject
Project("{2150E333-8FDC-42A3-9474-1A3956D46DE8}") = "Engine", "Engine", "{E8E54D68-CE00-46D7-9B64-05BEE0B1BEC6}"
EndProject
Project("{2150E333-8FDC-42A3-9474-1A3956D46DE8}") = "Game", "Game", "{EC278DDA-6800-40DE-B760-E6BD9646F3AB}"
EndProject
Project("{FAE04EC0-301F-11D3-BF4B-00C04F79EFBC}") = "Thundershock.Core", "..\thundershock\src\Thundershock.Core\Thundershock.Core.csproj", "{E395E215-352F-47D6-82BF-855E7C69826E}"
EndProject
Project("{FAE04EC0-301F-11D3-BF4B-00C04F79EFBC}") = "Thundershock.OpenGL", "..\thundershock\src\Thundershock.OpenGL\Thundershock.OpenGL.csproj", "{8F4BC701-DA59-416F-B9C9-BE16B25BE5B8}"
EndProject
Project("{FAE04EC0-301F-11D3-BF4B-00C04F79EFBC}") = "Thundershock", "..\thundershock\src\Thundershock\Thundershock.csproj", "{907ACF34-5DA7-4AFF-973E-0864ED8B8AD8}"
EndProject
Global
	GlobalSection(SolutionConfigurationPlatforms) = preSolution
		Debug|Any CPU = Debug|Any CPU
		Debug|x64 = Debug|x64
		Debug|x86 = Debug|x86
		Release|Any CPU = Release|Any CPU
		Release|x64 = Release|x64
		Release|x86 = Release|x86
	EndGlobalSection
	GlobalSection(SolutionProperties) = preSolution
		HideSolutionNode = FALSE
	EndGlobalSection
	GlobalSection(ProjectConfigurationPlatforms) = postSolution
		{8B0DF650-AC55-4F25-9D12-18DD3C32591A}.Debug|Any CPU.ActiveCfg = Debug|Any CPU
		{8B0DF650-AC55-4F25-9D12-18DD3C32591A}.Debug|Any CPU.Build.0 = Debug|Any CPU
		{8B0DF650-AC55-4F25-9D12-18DD3C32591A}.Debug|x64.ActiveCfg = Debug|Any CPU
		{8B0DF650-AC55-4F25-9D12-18DD3C32591A}.Debug|x64.Build.0 = Debug|Any CPU
		{8B0DF650-AC55-4F25-9D12-18DD3C32591A}.Debug|x86.ActiveCfg = Debug|Any CPU
		{8B0DF650-AC55-4F25-9D12-18DD3C32591A}.Debug|x86.Build.0 = Debug|Any CPU
		{8B0DF650-AC55-4F25-9D12-18DD3C32591A}.Release|Any CPU.ActiveCfg = Release|Any CPU
		{8B0DF650-AC55-4F25-9D12-18DD3C32591A}.Release|Any CPU.Build.0 = Release|Any CPU
		{8B0DF650-AC55-4F25-9D12-18DD3C32591A}.Release|x64.ActiveCfg = Release|Any CPU
		{8B0DF650-AC55-4F25-9D12-18DD3C32591A}.Release|x64.Build.0 = Release|Any CPU
		{8B0DF650-AC55-4F25-9D12-18DD3C32591A}.Release|x86.ActiveCfg = Release|Any CPU
		{8B0DF650-AC55-4F25-9D12-18DD3C32591A}.Release|x86.Build.0 = Release|Any CPU
		{E395E215-352F-47D6-82BF-855E7C69826E}.Debug|Any CPU.ActiveCfg = Debug|Any CPU
		{E395E215-352F-47D6-82BF-855E7C69826E}.Debug|Any CPU.Build.0 = Debug|Any CPU
		{E395E215-352F-47D6-82BF-855E7C69826E}.Debug|x64.ActiveCfg = Debug|Any CPU
		{E395E215-352F-47D6-82BF-855E7C69826E}.Debug|x64.Build.0 = Debug|Any CPU
		{E395E215-352F-47D6-82BF-855E7C69826E}.Debug|x86.ActiveCfg = Debug|Any CPU
		{E395E215-352F-47D6-82BF-855E7C69826E}.Debug|x86.Build.0 = Debug|Any CPU
		{E395E215-352F-47D6-82BF-855E7C69826E}.Release|Any CPU.ActiveCfg = Release|Any CPU
		{E395E215-352F-47D6-82BF-855E7C69826E}.Release|Any CPU.Build.0 = Release|Any CPU
		{E395E215-352F-47D6-82BF-855E7C69826E}.Release|x64.ActiveCfg = Release|Any CPU
		{E395E215-352F-47D6-82BF-855E7C69826E}.Release|x64.Build.0 = Release|Any CPU
		{E395E215-352F-47D6-82BF-855E7C69826E}.Release|x86.ActiveCfg = Release|Any CPU
		{E395E215-352F-47D6-82BF-855E7C69826E}.Release|x86.Build.0 = Release|Any CPU
		{8F4BC701-DA59-416F-B9C9-BE16B25BE5B8}.Debug|Any CPU.ActiveCfg = Debug|Any CPU
		{8F4BC701-DA59-416F-B9C9-BE16B25BE5B8}.Debug|Any CPU.Build.0 = Debug|Any CPU
		{8F4BC701-DA59-416F-B9C9-BE16B25BE5B8}.Debug|x64.ActiveCfg = Debug|Any CPU
		{8F4BC701-DA59-416F-B9C9-BE16B25BE5B8}.Debug|x64.Build.0 = Debug|Any CPU
		{8F4BC701-DA59-416F-B9C9-BE16B25BE5B8}.Debug|x86.ActiveCfg = Debug|Any CPU
		{8F4BC701-DA59-416F-B9C9-BE16B25BE5B8}.Debug|x86.Build.0 = Debug|Any CPU
		{8F4BC701-DA59-416F-B9C9-BE16B25BE5B8}.Release|Any CPU.ActiveCfg = Release|Any CPU
		{8F4BC701-DA59-416F-B9C9-BE16B25BE5B8}.Release|Any CPU.Build.0 = Release|Any CPU
		{8F4BC701-DA59-416F-B9C9-BE16B25BE5B8}.Release|x64.ActiveCfg = Release|Any CPU
		{8F4BC701-DA59-416F-B9C9-BE16B25BE5B8}.Release|x64.Build.0 = Release|Any CPU
		{8F4BC701-DA59-416F-B9C9-BE16B25BE5B8}.Release|x86.ActiveCfg = Release|Any CPU
		{8F4BC701-DA59-416F-B9C9-BE16B25BE5B8}.Release|x86.Build.0 = Release|Any CPU
		{907ACF34-5DA7-4AFF-973E-0864ED8B8AD8}.Debug|Any CPU.ActiveCfg = Debug|Any CPU
		{907ACF34-5DA7-4AFF-973E-0864ED8B8AD8}.Debug|Any CPU.Build.0 = Debug|Any CPU
		{907ACF34-5DA7-4AFF-973E-0864ED8B8AD8}.Debug|x64.ActiveCfg = Debug|Any CPU
		{907ACF34-5DA7-4AFF-973E-0864ED8B8AD8}.Debug|x64.Build.0 = Debug|Any CPU
		{907ACF34-5DA7-4AFF-973E-0864ED8B8AD8}.Debug|x86.ActiveCfg = Debug|Any CPU
		{907ACF34-5DA7-4AFF-973E-0864ED8B8AD8}.Debug|x86.Build.0 = Debug|Any CPU
		{907ACF34-5DA7-4AFF-973E-0864ED8B8AD8}.Release|Any CPU.ActiveCfg = Release|Any CPU
		{907ACF34-5DA7-4AFF-973E-0864ED8B8AD8}.Release|Any CPU.Build.0 = Release|Any CPU
		{907ACF34-5DA7-4AFF-973E-0864ED8B8AD8}.Release|x64.ActiveCfg = Release|Any CPU
		{907ACF34-5DA7-4AFF-973E-0864ED8B8AD8}.Release|x64.Build.0 = Release|Any CPU
		{907ACF34-5DA7-4AFF-973E-0864ED8B8AD8}.Release|x86.ActiveCfg = Release|Any CPU
		{907ACF34-5DA7-4AFF-973E-0864ED8B8AD8}.Release|x86.Build.0 = Release|Any CPU
	EndGlobalSection
	GlobalSection(NestedProjects) = preSolution
		{8B0DF650-AC55-4F25-9D12-18DD3C32591A} = {EC278DDA-6800-40DE-B760-E6BD9646F3AB}
		{E395E215-352F-47D6-82BF-855E7C69826E} = {E8E54D68-CE00-46D7-9B64-05BEE0B1BEC6}
		{907ACF34-5DA7-4AFF-973E-0864ED8B8AD8} = {E8E54D68-CE00-46D7-9B64-05BEE0B1BEC6}
		{8F4BC701-DA59-416F-B9C9-BE16B25BE5B8} = {E8E54D68-CE00-46D7-9B64-05BEE0B1BEC6}
	EndGlobalSection
EndGlobal
